
Microsoft Visual Studio Solution File, Format Version 12.00
# Visual Studio 2013
VisualStudioVersion = 12.0.30501.0
MinimumVisualStudioVersion = 10.0.40219.1
Project("{FAE04EC0-301F-11D3-BF4B-00C04F79EFBC}") = "TypeaheadMvcModel", "TypeaheadMvcModel\TypeaheadMvcModel.csproj", "{0AD11738-FFF4-41A2-AC56-086837BC60C0}"
EndProject
Project("{2150E333-8FDC-42A3-9474-1A3956D46DE8}") = "doc", "doc", "{6D3AD778-C9B2-4BA4-8852-38E871A7E32A}"
	ProjectSection(SolutionItems) = preProject
		LICENSE = LICENSE
		README.md = README.md
	EndProjectSection
EndProject
Project("{2150E333-8FDC-42A3-9474-1A3956D46DE8}") = "images", "images", "{CA45E586-9601-4B77-8A1A-AF96306A2F24}"
	ProjectSection(SolutionItems) = preProject
		doc\images\add_controller.png = doc\images\add_controller.png
		doc\images\add_controller_data_context.png = doc\images\add_controller_data_context.png
		doc\images\add_entity_data_model.png = doc\images\add_entity_data_model.png
		doc\images\add_helloworld.png = doc\images\add_helloworld.png
		doc\images\add_new_scaffolded.png = doc\images\add_new_scaffolded.png
		doc\images\add_scaffold.png = doc\images\add_scaffold.png
		doc\images\autocompletefor.png = doc\images\autocompletefor.png
		doc\images\awentities.png = doc\images\awentities.png
		doc\images\awmodel_edmx.png = doc\images\awmodel_edmx.png
		doc\images\breakpoint.png = doc\images\breakpoint.png
		doc\images\choose_model_contents.png = doc\images\choose_model_contents.png
		doc\images\choose_person.png = doc\images\choose_person.png
		doc\images\connection_properties.png = doc\images\connection_properties.png
		doc\images\cshtml_using.png = doc\images\cshtml_using.png
		doc\images\entity_core.png = doc\images\entity_core.png
		doc\images\helloworld.png = doc\images\helloworld.png
		doc\images\hiddenfor.png = doc\images\hiddenfor.png
		doc\images\hit_breakpoint.png = doc\images\hit_breakpoint.png
		doc\images\new_connection.png = doc\images\new_connection.png
		doc\images\new_data_context.png = doc\images\new_data_context.png
		doc\images\new_item.png = doc\images\new_item.png
		doc\images\personid.png = doc\images\personid.png
		doc\images\preview.png = doc\images\preview.png
		doc\images\remove.png = doc\images\remove.png
		doc\images\typeahead_bundle.png = doc\images\typeahead_bundle.png
		doc\images\typeahead_css.png = doc\images\typeahead_css.png
		doc\images\watch.png = doc\images\watch.png
	EndProjectSection
EndProject
Global
	GlobalSection(SolutionConfigurationPlatforms) = preSolution
		Debug|Any CPU = Debug|Any CPU
		Release|Any CPU = Release|Any CPU
	EndGlobalSection
	GlobalSection(ProjectConfigurationPlatforms) = postSolution
		{0AD11738-FFF4-41A2-AC56-086837BC60C0}.Debug|Any CPU.ActiveCfg = Debug|Any CPU
		{0AD11738-FFF4-41A2-AC56-086837BC60C0}.Debug|Any CPU.Build.0 = Debug|Any CPU
		{0AD11738-FFF4-41A2-AC56-086837BC60C0}.Release|Any CPU.ActiveCfg = Release|Any CPU
		{0AD11738-FFF4-41A2-AC56-086837BC60C0}.Release|Any CPU.Build.0 = Release|Any CPU
	EndGlobalSection
	GlobalSection(SolutionProperties) = preSolution
		HideSolutionNode = FALSE
	EndGlobalSection
	GlobalSection(NestedProjects) = preSolution
		{CA45E586-9601-4B77-8A1A-AF96306A2F24} = {6D3AD778-C9B2-4BA4-8852-38E871A7E32A}
	EndGlobalSection
EndGlobal
