
Microsoft Visual Studio Solution File, Format Version 12.00
# Visual Studio 15
VisualStudioVersion = 15.0.26730.10
MinimumVisualStudioVersion = 10.0.40219.1
Project("{FAE04EC0-301F-11D3-BF4B-00C04F79EFBC}") = "WebApplication2", "WebApplication2\WebApplication2.csproj", "{EFB0F268-4FA8-4648-820E-090D6902FEED}"
EndProject
Global
	GlobalSection(SolutionConfigurationPlatforms) = preSolution
		Debug|Any CPU = Debug|Any CPU
		Release|Any CPU = Release|Any CPU
	EndGlobalSection
	GlobalSection(ProjectConfigurationPlatforms) = postSolution
		{EFB0F268-4FA8-4648-820E-090D6902FEED}.Debug|Any CPU.ActiveCfg = Debug|Any CPU
		{EFB0F268-4FA8-4648-820E-090D6902FEED}.Debug|Any CPU.Build.0 = Debug|Any CPU
		{EFB0F268-4FA8-4648-820E-090D6902FEED}.Release|Any CPU.ActiveCfg = Release|Any CPU
		{EFB0F268-4FA8-4648-820E-090D6902FEED}.Release|Any CPU.Build.0 = Release|Any CPU
	EndGlobalSection
	GlobalSection(SolutionProperties) = preSolution
		HideSolutionNode = FALSE
	EndGlobalSection
	GlobalSection(ExtensibilityGlobals) = postSolution
		SolutionGuid = {DD0708AA-9D6C-48F6-B35E-7A2BFD087B1A}
	EndGlobalSection
EndGlobal
